
Microsoft Visual Studio Solution File, Format Version 12.00
# Visual Studio Version 16
VisualStudioVersion = 16.0.30611.23
MinimumVisualStudioVersion = 10.0.40219.1
Project("{FAE04EC0-301F-11D3-BF4B-00C04F79EFBC}") = "Dişçi", "Dişçi\Dişçi.csproj", "{4E18E937-BD50-4799-BC61-5345D357BB68}"
EndProject
Global
	GlobalSection(SolutionConfigurationPlatforms) = preSolution
		Debug|Any CPU = Debug|Any CPU
		Release|Any CPU = Release|Any CPU
	EndGlobalSection
	GlobalSection(ProjectConfigurationPlatforms) = postSolution
		{4E18E937-BD50-4799-BC61-5345D357BB68}.Debug|Any CPU.ActiveCfg = Debug|Any CPU
		{4E18E937-BD50-4799-BC61-5345D357BB68}.Debug|Any CPU.Build.0 = Debug|Any CPU
		{4E18E937-BD50-4799-BC61-5345D357BB68}.Release|Any CPU.ActiveCfg = Release|Any CPU
		{4E18E937-BD50-4799-BC61-5345D357BB68}.Release|Any CPU.Build.0 = Release|Any CPU
	EndGlobalSection
	GlobalSection(SolutionProperties) = preSolution
		HideSolutionNode = FALSE
	EndGlobalSection
	GlobalSection(ExtensibilityGlobals) = postSolution
		SolutionGuid = {0C872D91-EBB7-4427-837D-E540F5F77CB8}
	EndGlobalSection
EndGlobal
